schema: '2.0'
stages:
  preprocess:
    cmd: python src\preprocess.py
    deps:
    - path: data\raw\test.csv
      hash: md5
      md5: 8530173d23ee5484829f309eca1e7052
      size: 712228
    - path: data\raw\train.csv
      hash: md5
      md5: ace13d9e246f916f24458cc55b9ed119
      size: 2900871
    - path: src\preprocess.py
      hash: md5
      md5: 342d1050a6493fb48e04f4ccb87ed105
      size: 2151
    outs:
    - path: data\processed\test.csv
      hash: md5
      md5: 21bc1ecdba1f8e8ee1a9267279e71f9a
      size: 712517
    - path: data\processed\train.csv
      hash: md5
      md5: a79a5c5e4eea90cd3c6df29b96298fda
      size: 2910196
  train:
    cmd: python .\src\train.py
    deps:
    - path: .\data\processed\train.csv
      hash: md5
      md5: a79a5c5e4eea90cd3c6df29b96298fda
      size: 2910196
    - path: .\src\train.py
      hash: md5
      md5: ce5b0800d25790b4d51a179cc5ea39d5
      size: 1183
    outs:
    - path: .\data\processed\validation.csv
      hash: md5
      md5: 2d4876003b6b4fd5cccec2ed86fdf144
      size: 582392
    - path: .\models\model.pkl
      hash: md5
      md5: 71b86beac10b333c17008cfb0393980c
      size: 94504939
  evaluate:
    cmd: python .\src\evaluate.py
    deps:
    - path: .\data\processed\validation.csv
      hash: md5
      md5: 2d4876003b6b4fd5cccec2ed86fdf144
      size: 582392
    - path: .\models\model.pkl
      hash: md5
      md5: 71b86beac10b333c17008cfb0393980c
      size: 94504939
    - path: .\src\evaluate.py
      hash: md5
      md5: f4788a74bff4dd7fbe345c4b4e73702d
      size: 912
    outs:
    - path: .\metrics\metrics.json
      hash: md5
      md5: c49304b1c3f7a1f4d319aa969b3f120a
      size: 140
